// !$*UTF8*$!
{
	archiveVersion = 1;
	classes = {
	};
	objectVersion = 55;
	objects = {

/* Begin PBXBuildFile section */
		54DD0F802795B0AD009A8CBF /* AppDelegate.swift in Sources */ = {isa = PBXBuildFile; fileRef = 54DD0F7F2795B0AD009A8CBF /* AppDelegate.swift */; };
		54DD0F822795B0AD009A8CBF /* SceneDelegate.swift in Sources */ = {isa = PBXBuildFile; fileRef = 54DD0F812795B0AD009A8CBF /* SceneDelegate.swift */; };
		54DD0F842795B0AD009A8CBF /* ImageViewController.swift in Sources */ = {isa = PBXBuildFile; fileRef = 54DD0F832795B0AD009A8CBF /* ImageViewController.swift */; };
		54DD0F872795B0AD009A8CBF /* Main.storyboard in Resources */ = {isa = PBXBuildFile; fileRef = 54DD0F852795B0AD009A8CBF /* Main.storyboard */; };
		54DD0F892795B0AF009A8CBF /* Assets.xcassets in Resources */ = {isa = PBXBuildFile; fileRef = 54DD0F882795B0AF009A8CBF /* Assets.xcassets */; };
		54DD0F8C2795B0AF009A8CBF /* LaunchScreen.storyboard in Resources */ = {isa = PBXBuildFile; fileRef = 54DD0F8A2795B0AF009A8CBF /* LaunchScreen.storyboard */; };
		54DD0F992795B5A4009A8CBF /* DemoURLs.swift in Sources */ = {isa = PBXBuildFile; fileRef = 54DD0F982795B5A3009A8CBF /* DemoURLs.swift */; };
		54DD0F9B2795B5DE009A8CBF /* oval.jpg in Resources */ = {isa = PBXBuildFile; fileRef = 54DD0F9A2795B5DE009A8CBF /* oval.jpg */; };
/* End PBXBuildFile section */

/* Begin PBXFileReference section */
		54DD0F7C2795B0AD009A8CBF /* Caccini.app */ = {isa = PBXFileReference; explicitFileType = wrapper.application; includeInIndex = 0; path = Caccini.app; sourceTree = BUILT_PRODUCTS_DIR; };
		54DD0F7F2795B0AD009A8CBF /* AppDelegate.swift */ = {isa = PBXFileReference; lastKnownFileType = sourcecode.swift; path = AppDelegate.swift; sourceTree = "<group>"; };
		54DD0F812795B0AD009A8CBF /* SceneDelegate.swift */ = {isa = PBXFileReference; lastKnownFileType = sourcecode.swift; path = SceneDelegate.swift; sourceTree = "<group>"; };
		54DD0F832795B0AD009A8CBF /* ImageViewController.swift */ = {isa = PBXFileReference; lastKnownFileType = sourcecode.swift; path = ImageViewController.swift; sourceTree = "<group>"; };
		54DD0F862795B0AD009A8CBF /* Base */ = {isa = PBXFileReference; lastKnownFileType = file.storyboard; name = Base; path = Base.lproj/Main.storyboard; sourceTree = "<group>"; };
		54DD0F882795B0AF009A8CBF /* Assets.xcassets */ = {isa = PBXFileReference; lastKnownFileType = folder.assetcatalog; path = Assets.xcassets; sourceTree = "<group>"; };
		54DD0F8B2795B0AF009A8CBF /* Base */ = {isa = PBXFileReference; lastKnownFileType = file.storyboard; name = Base; path = Base.lproj/LaunchScreen.storyboard; sourceTree = "<group>"; };
		54DD0F8D2795B0AF009A8CBF /* Info.plist */ = {isa = PBXFileReference; lastKnownFileType = text.plist.xml; path = Info.plist; sourceTree = "<group>"; };
		54DD0F982795B5A3009A8CBF /* DemoURLs.swift */ = {isa = PBXFileReference; fileEncoding = 4; lastKnownFileType = sourcecode.swift; path = DemoURLs.swift; sourceTree = "<group>"; };
		54DD0F9A2795B5DE009A8CBF /* oval.jpg */ = {isa = PBXFileReference; lastKnownFileType = image.jpeg; path = oval.jpg; sourceTree = "<group>"; };
/* End PBXFileReference section */

/* Begin PBXFrameworksBuildPhase section */
		54DD0F792795B0AD009A8CBF /* Frameworks */ = {
			isa = PBXFrameworksBuildPhase;
			buildActionMask = 2147483647;
			files = (
			);
			runOnlyForDeploymentPostprocessing = 0;
		};
/* End PBXFrameworksBuildPhase section */

/* Begin PBXGroup section */
		54DD0F732795B0AD009A8CBF = {
			isa = PBXGroup;
			children = (
				54DD0F7E2795B0AD009A8CBF /* Caccini */,
				54DD0F7D2795B0AD009A8CBF /* Products */,
			);
			sourceTree = "<group>";
		};
		54DD0F7D2795B0AD009A8CBF /* Products */ = {
			isa = PBXGroup;
			children = (
				54DD0F7C2795B0AD009A8CBF /* Caccini.app */,
			);
			name = Products;
			sourceTree = "<group>";
		};
		54DD0F7E2795B0AD009A8CBF /* Caccini */ = {
			isa = PBXGroup;
			children = (
				54DD0F952795B0F8009A8CBF /* Supporting Files */,
				54DD0F852795B0AD009A8CBF /* Main.storyboard */,
				54DD0F832795B0AD009A8CBF /* ImageViewController.swift */,
				54DD0F982795B5A3009A8CBF /* DemoURLs.swift */,
				54DD0F9A2795B5DE009A8CBF /* oval.jpg */,
				54DD0F8D2795B0AF009A8CBF /* Info.plist */,
			);
			path = Caccini;
			sourceTree = "<group>";
		};
		54DD0F952795B0F8009A8CBF /* Supporting Files */ = {
			isa = PBXGroup;
			children = (
				54DD0F7F2795B0AD009A8CBF /* AppDelegate.swift */,
				54DD0F812795B0AD009A8CBF /* SceneDelegate.swift */,
				54DD0F882795B0AF009A8CBF /* Assets.xcassets */,
				54DD0F8A2795B0AF009A8CBF /* LaunchScreen.storyboard */,
			);
			path = "Supporting Files";
			sourceTree = "<group>";
		};
/* End PBXGroup section */

/* Begin PBXNativeTarget section */
		54DD0F7B2795B0AD009A8CBF /* Caccini */ = {
			isa = PBXNativeTarget;
			buildConfigurationList = 54DD0F902795B0AF009A8CBF /* Build configuration list for PBXNativeTarget "Caccini" */;
			buildPhases = (
				54DD0F782795B0AD009A8CBF /* Sources */,
				54DD0F792795B0AD009A8CBF /* Frameworks */,
				54DD0F7A2795B0AD009A8CBF /* Resources */,
			);
			buildRules = (
			);
			dependencies = (
			);
			name = Caccini;
			productName = Cacssini;
			productReference = 54DD0F7C2795B0AD009A8CBF /* Caccini.app */;
			productType = "com.apple.product-type.application";
		};
/* End PBXNativeTarget section */

/* Begin PBXProject section */
		54DD0F742795B0AD009A8CBF /* Project object */ = {
			isa = PBXProject;
			attributes = {
				BuildIndependentTargetsInParallel = 1;
				LastSwiftUpdateCheck = 1300;
				LastUpgradeCheck = 1300;
				TargetAttributes = {
					54DD0F7B2795B0AD009A8CBF = {
						CreatedOnToolsVersion = 13.0;
					};
				};
			};
			buildConfigurationList = 54DD0F772795B0AD009A8CBF /* Build configuration list for PBXProject "Caccini" */;
			compatibilityVersion = "Xcode 13.0";
			developmentRegion = en;
			hasScannedForEncodings = 0;
			knownRegions = (
				en,
				Base,
			);
			mainGroup = 54DD0F732795B0AD009A8CBF;
			productRefGroup = 54DD0F7D2795B0AD009A8CBF /* Products */;
			projectDirPath = "";
			projectRoot = "";
			targets = (
				54DD0F7B2795B0AD009A8CBF /* Caccini */,
			);
		};
/* End PBXProject section */

/* Begin PBXResourcesBuildPhase section */
		54DD0F7A2795B0AD009A8CBF /* Resources */ = {
			isa = PBXResourcesBuildPhase;
			buildActionMask = 2147483647;
			files = (
				54DD0F8C2795B0AF009A8CBF /* LaunchScreen.storyboard in Resources */,
				54DD0F9B2795B5DE009A8CBF /* oval.jpg in Resources */,
				54DD0F892795B0AF009A8CBF /* Assets.xcassets in Resources */,
				54DD0F872795B0AD009A8CBF /* Main.storyboard in Resources */,
			);
			runOnlyForDeploymentPostprocessing = 0;
		};
/* End PBXResourcesBuildPhase section */

/* Begin PBXSourcesBuildPhase section */
		54DD0F782795B0AD009A8CBF /* Sources */ = {
			isa = PBXSourcesBuildPhase;
			buildActionMask = 2147483647;
			files = (
				54DD0F992795B5A4009A8CBF /* DemoURLs.swift in Sources */,
				54DD0F842795B0AD009A8CBF /* ImageViewController.swift in Sources */,
				54DD0F802795B0AD009A8CBF /* AppDelegate.swift in Sources */,
				54DD0F822795B0AD009A8CBF /* SceneDelegate.swift in Sources */,
			);
			runOnlyForDeploymentPostprocessing = 0;
		};
/* End PBXSourcesBuildPhase section */

/* Begin PBXVariantGroup section */
		54DD0F852795B0AD009A8CBF /* Main.storyboard */ = {
			isa = PBXVariantGroup;
			children = (
				54DD0F862795B0AD009A8CBF /* Base */,
			);
			name = Main.storyboard;
			sourceTree = "<group>";
		};
		54DD0F8A2795B0AF009A8CBF /* LaunchScreen.storyboard */ = {
			isa = PBXVariantGroup;
			children = (
				54DD0F8B2795B0AF009A8CBF /* Base */,
			);
			name = LaunchScreen.storyboard;
			sourceTree = "<group>";
		};
/* End PBXVariantGroup section */

/* Begin XCBuildConfiguration section */
		54DD0F8E2795B0AF009A8CBF /* Debug */ = {
			isa = XCBuildConfiguration;
			buildSettings = {
				ALWAYS_SEARCH_USER_PATHS = NO;
				CLANG_ANALYZER_NONNULL = YES;
				CLANG_ANALYZER_NUMBER_OBJECT_CONVERSION = YES_AGGRESSIVE;
				CLANG_CXX_LANGUAGE_STANDARD = "gnu++17";
				CLANG_CXX_LIBRARY = "libc++";
				CLANG_ENABLE_MODULES = YES;
				CLANG_ENABLE_OBJC_ARC = YES;
				CLANG_ENABLE_OBJC_WEAK = YES;
				CLANG_WARN_BLOCK_CAPTURE_AUTORELEASING = YES;
				CLANG_WARN_BOOL_CONVERSION = YES;
				CLANG_WARN_COMMA = YES;
				CLANG_WARN_CONSTANT_CONVERSION = YES;
				CLANG_WARN_DEPRECATED_OBJC_IMPLEMENTATIONS = YES;
				CLANG_WARN_DIRECT_OBJC_ISA_USAGE = YES_ERROR;
				CLANG_WARN_DOCUMENTATION_COMMENTS = YES;
				CLANG_WARN_EMPTY_BODY = YES;
				CLANG_WARN_ENUM_CONVERSION = YES;
				CLANG_WARN_INFINITE_RECURSION = YES;
				CLANG_WARN_INT_CONVERSION = YES;
				CLANG_WARN_NON_LITERAL_NULL_CONVERSION = YES;
				CLANG_WARN_OBJC_IMPLICIT_RETAIN_SELF = YES;
				CLANG_WARN_OBJC_LITERAL_CONVERSION = YES;
				CLANG_WARN_OBJC_ROOT_CLASS = YES_ERROR;
				CLANG_WARN_QUOTED_INCLUDE_IN_FRAMEWORK_HEADER = YES;
				CLANG_WARN_RANGE_LOOP_ANALYSIS = YES;
				CLANG_WARN_STRICT_PROTOTYPES = YES;
				CLANG_WARN_SUSPICIOUS_MOVE = YES;
				CLANG_WARN_UNGUARDED_AVAILABILITY = YES_AGGRESSIVE;
				CLANG_WARN_UNREACHABLE_CODE = YES;
				CLANG_WARN__DUPLICATE_METHOD_MATCH = YES;
				COPY_PHASE_STRIP = NO;
				DEBUG_INFORMATION_FORMAT = dwarf;
				ENABLE_STRICT_OBJC_MSGSEND = YES;
				ENABLE_TESTABILITY = YES;
				GCC_C_LANGUAGE_STANDARD = gnu11;
				GCC_DYNAMIC_NO_PIC = NO;
				GCC_NO_COMMON_BLOCKS = YES;
				GCC_OPTIMIZATION_LEVEL = 0;
				GCC_PREPROCESSOR_DEFINITIONS = (
					"DEBUG=1",
					"$(inherited)",
				);
				GCC_WARN_64_TO_32_BIT_CONVERSION = YES;
				GCC_WARN_ABOUT_RETURN_TYPE = YES_ERROR;
				GCC_WARN_UNDECLARED_SELECTOR = YES;
				GCC_WARN_UNINITIALIZED_AUTOS = YES_AGGRESSIVE;
				GCC_WARN_UNUSED_FUNCTION = YES;
				GCC_WARN_UNUSED_VARIABLE = YES;
				IPHONEOS_DEPLOYMENT_TARGET = 15.0;
				MTL_ENABLE_DEBUG_INFO = INCLUDE_SOURCE;
				MTL_FAST_MATH = YES;
				ONLY_ACTIVE_ARCH = YES;
				SDKROOT = iphoneos;
				SWIFT_ACTIVE_COMPILATION_CONDITIONS = DEBUG;
				SWIFT_OPTIMIZATION_LEVEL = "-Onone";
			};
			name = Debug;
		};
		54DD0F8F2795B0AF009A8CBF /* Release */ = {
			isa = XCBuildConfiguration;
			buildSettings = {
				ALWAYS_SEARCH_USER_PATHS = NO;
				CLANG_ANALYZER_NONNULL = YES;
				CLANG_ANALYZER_NUMBER_OBJECT_CONVERSION = YES_AGGRESSIVE;
				CLANG_CXX_LANGUAGE_STANDARD = "gnu++17";
				CLANG_CXX_LIBRARY = "libc++";
				CLANG_ENABLE_MODULES = YES;
				CLANG_ENABLE_OBJC_ARC = YES;
				CLANG_ENABLE_OBJC_WEAK = YES;
				CLANG_WARN_BLOCK_CAPTURE_AUTORELEASING = YES;
				CLANG_WARN_BOOL_CONVERSION = YES;
				CLANG_WARN_COMMA = YES;
				CLANG_WARN_CONSTANT_CONVERSION = YES;
				CLANG_WARN_DEPRECATED_OBJC_IMPLEMENTATIONS = YES;
				CLANG_WARN_DIRECT_OBJC_ISA_USAGE = YES_ERROR;
				CLANG_WARN_DOCUMENTATION_COMMENTS = YES;
				CLANG_WARN_EMPTY_BODY = YES;
				CLANG_WARN_ENUM_CONVERSION = YES;
				CLANG_WARN_INFINITE_RECURSION = YES;
				CLANG_WARN_INT_CONVERSION = YES;
				CLANG_WARN_NON_LITERAL_NULL_CONVERSION = YES;
				CLANG_WARN_OBJC_IMPLICIT_RETAIN_SELF = YES;
				CLANG_WARN_OBJC_LITERAL_CONVERSION = YES;
				CLANG_WARN_OBJC_ROOT_CLASS = YES_ERROR;
				CLANG_WARN_QUOTED_INCLUDE_IN_FRAMEWORK_HEADER = YES;
				CLANG_WARN_RANGE_LOOP_ANALYSIS = YES;
				CLANG_WARN_STRICT_PROTOTYPES = YES;
				CLANG_WARN_SUSPICIOUS_MOVE = YES;
				CLANG_WARN_UNGUARDED_AVAILABILITY = YES_AGGRESSIVE;
				CLANG_WARN_UNREACHABLE_CODE = YES;
				CLANG_WARN__DUPLICATE_METHOD_MATCH = YES;
				COPY_PHASE_STRIP = NO;
				DEBUG_INFORMATION_FORMAT = "dwarf-with-dsym";
				ENABLE_NS_ASSERTIONS = NO;
				ENABLE_STRICT_OBJC_MSGSEND = YES;
				GCC_C_LANGUAGE_STANDARD = gnu11;
				GCC_NO_COMMON_BLOCKS = YES;
				GCC_WARN_64_TO_32_BIT_CONVERSION = YES;
				GCC_WARN_ABOUT_RETURN_TYPE = YES_ERROR;
				GCC_WARN_UNDECLARED_SELECTOR = YES;
				GCC_WARN_UNINITIALIZED_AUTOS = YES_AGGRESSIVE;
				GCC_WARN_UNUSED_FUNCTION = YES;
				GCC_WARN_UNUSED_VARIABLE = YES;
				IPHONEOS_DEPLOYMENT_TARGET = 15.0;
				MTL_ENABLE_DEBUG_INFO = NO;
				MTL_FAST_MATH = YES;
				SDKROOT = iphoneos;
				SWIFT_COMPILATION_MODE = wholemodule;
				SWIFT_OPTIMIZATION_LEVEL = "-O";
				VALIDATE_PRODUCT = YES;
			};
			name = Release;
		};
		54DD0F912795B0AF009A8CBF /* Debug */ = {
			isa = XCBuildConfiguration;
			buildSettings = {
				ASSETCATALOG_COMPILER_GLOBAL_ACCENT_COLOR_NAME = AccentColor;
				CODE_SIGN_STYLE = Automatic;
				CURRENT_PROJECT_VERSION = 1;
				DEVELOPMENT_TEAM = 78F54XW75V;
				GENERATE_INFOPLIST_FILE = YES;
				INFOPLIST_FILE = Caccini/Info.plist;
				INFOPLIST_KEY_UIApplicationSupportsIndirectInputEvents = YES;
				INFOPLIST_KEY_UILaunchStoryboardName = LaunchScreen;
				INFOPLIST_KEY_UIMainStoryboardFile = Main;
				INFOPLIST_KEY_UISupportedInterfaceOrientations_iPad = "UIInterfaceOrientationPortrait UIInterfaceOrientationPortraitUpsideDown UIInterfaceOrientationLandscapeLeft UIInterfaceOrientationLandscapeRight";
				INFOPLIST_KEY_UISupportedInterfaceOrientations_iPhone = "UIInterfaceOrientationPortrait UIInterfaceOrientationLandscapeLeft UIInterfaceOrientationLandscapeRight";
				LD_RUNPATH_SEARCH_PATHS = (
					"$(inherited)",
					"@executable_path/Frameworks",
				);
				MARKETING_VERSION = 1.0;
				PRODUCT_BUNDLE_IDENTIFIER = com.random.Caccini;
				PRODUCT_NAME = "$(TARGET_NAME)";
				SWIFT_EMIT_LOC_STRINGS = YES;
				SWIFT_VERSION = 5.0;
				TARGETED_DEVICE_FAMILY = "1,2";
			};
			name = Debug;
		};
		54DD0F922795B0AF009A8CBF /* Release */ = {
			isa = XCBuildConfiguration;
			buildSettings = {
				ASSETCATALOG_COMPILER_GLOBAL_ACCENT_COLOR_NAME = AccentColor;
				CODE_SIGN_STYLE = Automatic;
				CURRENT_PROJECT_VERSION = 1;
				DEVELOPMENT_TEAM = 78F54XW75V;
				GENERATE_INFOPLIST_FILE = YES;
				INFOPLIST_FILE = Caccini/Info.plist;
				INFOPLIST_KEY_UIApplicationSupportsIndirectInputEvents = YES;
				INFOPLIST_KEY_UILaunchStoryboardName = LaunchScreen;
				INFOPLIST_KEY_UIMainStoryboardFile = Main;
				INFOPLIST_KEY_UISupportedInterfaceOrientations_iPad = "UIInterfaceOrientationPortrait UIInterfaceOrientationPortraitUpsideDown UIInterfaceOrientationLandscapeLeft UIInterfaceOrientationLandscapeRight";
				INFOPLIST_KEY_UISupportedInterfaceOrientations_iPhone = "UIInterfaceOrientationPortrait UIInterfaceOrientationLandscapeLeft UIInterfaceOrientationLandscapeRight";
				LD_RUNPATH_SEARCH_PATHS = (
					"$(inherited)",
					"@executable_path/Frameworks",
				);
				MARKETING_VERSION = 1.0;
				PRODUCT_BUNDLE_IDENTIFIER = com.random.Caccini;
				PRODUCT_NAME = "$(TARGET_NAME)";
				SWIFT_EMIT_LOC_STRINGS = YES;
				SWIFT_VERSION = 5.0;
				TARGETED_DEVICE_FAMILY = "1,2";
			};
			name = Release;
		};
/* End XCBuildConfiguration section */

/* Begin XCConfigurationList section */
		54DD0F772795B0AD009A8CBF /* Build configuration list for PBXProject "Caccini" */ = {
			isa = XCConfigurationList;
			buildConfigurations = (
				54DD0F8E2795B0AF009A8CBF /* Debug */,
				54DD0F8F2795B0AF009A8CBF /* Release */,
			);
			defaultConfigurationIsVisible = 0;
			defaultConfigurationName = Release;
		};
		54DD0F902795B0AF009A8CBF /* Build configuration list for PBXNativeTarget "Caccini" */ = {
			isa = XCConfigurationList;
			buildConfigurations = (
				54DD0F912795B0AF009A8CBF /* Debug */,
				54DD0F922795B0AF009A8CBF /* Release */,
			);
			defaultConfigurationIsVisible = 0;
			defaultConfigurationName = Release;
		};
/* End XCConfigurationList section */
	};
	rootObject = 54DD0F742795B0AD009A8CBF /* Project object */;
}
