PODS:
  - RIBs (0.9.3):
    - RxRelay (~> 6.0.0)
    - RxSwift (~> 6.0.0)
  - RxCocoa (6.0.0):
    - RxRelay (= 6.0.0)
    - RxSwift (= 6.0.0)
  - RxRelay (6.0.0):
    - RxSwift (= 6.0.0)
  - RxSwift (6.0.0)
  - SnapKit (4.0.1)

DEPENDENCIES:
  - RIBs (from `../../../`)
  - RxCocoa (~> 6.0)
  - SnapKit (~> 4.0.0)

SPEC REPOS:
  trunk:
    - RxCocoa
    - RxRelay
    - RxSwift
    - SnapKit

EXTERNAL SOURCES:
  RIBs:
    :path: "../../../"

SPEC CHECKSUMS:
  RIBs: dd8df1129289d51ed4fec6e2127613d9eaba204e
  RxCocoa: 3f79328fafa3645b34600f37c31e64c73ae3a80e
  RxRelay: 8d593be109c06ea850df027351beba614b012ffb
  RxSwift: c14e798c59b9f6e9a2df8fd235602e85cc044295
  SnapKit: 0de968a9fec17499afa29683b05d0c775b6d1c29

PODFILE CHECKSUM: bbf323a3f83d5da5d9787c0852a90b4ba57490e6

COCOAPODS: 1.11.3
